
Microsoft Visual Studio Solution File, Format Version 12.00
# Visual Studio 15
VisualStudioVersion = 15.0.28010.2036
MinimumVisualStudioVersion = 10.0.40219.1
Project("{FAE04EC0-301F-11D3-BF4B-00C04F79EFBC}") = "CursorSwitcher", "CursorSwitcher\CursorSwitcher.csproj", "{631A73E3-FE5F-4CAB-9435-2EDA13EAC37E}"
EndProject
Global
	GlobalSection(SolutionConfigurationPlatforms) = preSolution
		Debug|Any CPU = Debug|Any CPU
		Release|Any CPU = Release|Any CPU
	EndGlobalSection
	GlobalSection(ProjectConfigurationPlatforms) = postSolution
		{631A73E3-FE5F-4CAB-9435-2EDA13EAC37E}.Debug|Any CPU.ActiveCfg = Debug|Any CPU
		{631A73E3-FE5F-4CAB-9435-2EDA13EAC37E}.Debug|Any CPU.Build.0 = Debug|Any CPU
		{631A73E3-FE5F-4CAB-9435-2EDA13EAC37E}.Release|Any CPU.ActiveCfg = Release|Any CPU
		{631A73E3-FE5F-4CAB-9435-2EDA13EAC37E}.Release|Any CPU.Build.0 = Release|Any CPU
	EndGlobalSection
	GlobalSection(SolutionProperties) = preSolution
		HideSolutionNode = FALSE
	EndGlobalSection
	GlobalSection(ExtensibilityGlobals) = postSolution
		SolutionGuid = {EBCB3402-BAD0-4FF8-B672-8C08BE7DCFE0}
	EndGlobalSection
EndGlobal
